
Microsoft Visual Studio Solution File, Format Version 12.00
# Visual Studio Version 16
VisualStudioVersion = 16.0.30309.148
MinimumVisualStudioVersion = 10.0.40219.1
Project("{FAE04EC0-301F-11D3-BF4B-00C04F79EFBC}") = "BreakAlarmApp", "BreakAlarmApp\BreakAlarmApp.csproj", "{DC7ACDE1-873C-46C2-9814-6B9CC1D953AD}"
EndProject
Global
	GlobalSection(SolutionConfigurationPlatforms) = preSolution
		Debug|Any CPU = Debug|Any CPU
		Release|Any CPU = Release|Any CPU
	EndGlobalSection
	GlobalSection(ProjectConfigurationPlatforms) = postSolution
		{DC7ACDE1-873C-46C2-9814-6B9CC1D953AD}.Debug|Any CPU.ActiveCfg = Debug|Any CPU
		{DC7ACDE1-873C-46C2-9814-6B9CC1D953AD}.Debug|Any CPU.Build.0 = Debug|Any CPU
		{DC7ACDE1-873C-46C2-9814-6B9CC1D953AD}.Release|Any CPU.ActiveCfg = Release|Any CPU
		{DC7ACDE1-873C-46C2-9814-6B9CC1D953AD}.Release|Any CPU.Build.0 = Release|Any CPU
	EndGlobalSection
	GlobalSection(SolutionProperties) = preSolution
		HideSolutionNode = FALSE
	EndGlobalSection
	GlobalSection(ExtensibilityGlobals) = postSolution
		SolutionGuid = {DF60F6F1-23B3-41DB-958B-E4D0659858DF}
	EndGlobalSection
EndGlobal
